<?xml version="1.0" encoding="utf-8"?>
<Project ToolsVersion="4.0" xmlns="http://schemas.microsoft.com/developer/msbuild/2003">
  <ItemGroup>
    <Filter Include="Source Files">
      <UniqueIdentifier>{4FC737F1-C7A5-4376-A066-2A32D752A2FF}</UniqueIdentifier>
      <Extensions>cpp;c;cc;cxx;def;odl;idl;hpj;bat;asm;asmx</Extensions>
    </Filter>
    <Filter Include="Header Files">
      <UniqueIdentifier>{93995380-89BD-4b04-88EB-625FBE52EBFB}</UniqueIdentifier>
      <Extensions>h;hh;hpp;hxx;hm;inl;inc;xsd</Extensions>
    </Filter>
    <Filter Include="Resource Files">
      <UniqueIdentifier>{67DA6AB6-F800-4c08-8B7A-83BB121AAD01}</UniqueIdentifier>
      <Extensions>rc;ico;cur;bmp;dlg;rc2;rct;bin;rgs;gif;jpg;jpeg;jpe;resx;tiff;tif;png;wav;mfcribbon-ms</Extensions>
    </Filter>
  </ItemGroup>
  <ItemGroup>
    <Text Include="ReadMe.txt" />
  </ItemGroup>
  <ItemGroup>
    <ClInclude Include="stdafx.h">
      <Filter>Header Files</Filter>
    </ClInclude>
    <ClInclude Include="targetver.h">
      <Filter>Header Files</Filter>
    </ClInclude>
    <ClInclude Include="Resource.h">
      <Filter>Header Files</Filter>
    </ClInclude>
    <ClInclude Include="ChatScriptIDE.h">
      <Filter>Header Files</Filter>
    </ClInclude>
    <ClInclude Include="..\SRC\common.h">
      <Filter>Source Files</Filter>
    </ClInclude>
    <ClInclude Include="..\SRC\common1.h">
      <Filter>Source Files</Filter>
    </ClInclude>
    <ClInclude Include="..\SRC\constructCode.h">
      <Filter>Source Files</Filter>
    </ClInclude>
    <ClInclude Include="..\SRC\cs_ev.h">
      <Filter>Source Files</Filter>
    </ClInclude>
    <ClInclude Include="..\SRC\csocket.h">
      <Filter>Source Files</Filter>
    </ClInclude>
    <ClInclude Include="..\SRC\dictionaryMore.h">
      <Filter>Source Files</Filter>
    </ClInclude>
    <ClInclude Include="..\SRC\dictionarySystem.h">
      <Filter>Source Files</Filter>
    </ClInclude>
    <ClInclude Include="..\SRC\english.h">
      <Filter>Source Files</Filter>
    </ClInclude>
    <ClInclude Include="..\SRC\evserver.h">
      <Filter>Source Files</Filter>
    </ClInclude>
    <ClInclude Include="..\SRC\factSystem.h">
      <Filter>Source Files</Filter>
    </ClInclude>
    <ClInclude Include="..\SRC\functionExecute.h">
      <Filter>Source Files</Filter>
    </ClInclude>
    <ClInclude Include="..\SRC\infer.h">
      <Filter>Source Files</Filter>
    </ClInclude>
    <ClInclude Include="..\SRC\jsmn.h">
      <Filter>Source Files</Filter>
    </ClInclude>
    <ClInclude Include="..\SRC\json.h">
      <Filter>Source Files</Filter>
    </ClInclude>
    <ClInclude Include="..\SRC\mainSystem.h">
      <Filter>Source Files</Filter>
    </ClInclude>
    <ClInclude Include="..\SRC\markSystem.h">
      <Filter>Source Files</Filter>
    </ClInclude>
    <ClInclude Include="..\SRC\mongodb.h">
      <Filter>Source Files</Filter>
    </ClInclude>
    <ClInclude Include="..\SRC\mprintf.h">
      <Filter>Source Files</Filter>
    </ClInclude>
    <ClInclude Include="..\SRC\multi.h">
      <Filter>Source Files</Filter>
    </ClInclude>
    <ClInclude Include="..\SRC\my_sql.h">
      <Filter>Source Files</Filter>
    </ClInclude>
    <ClInclude Include="..\SRC\os.h">
      <Filter>Source Files</Filter>
    </ClInclude>
    <ClInclude Include="..\SRC\outputSystem.h">
      <Filter>Source Files</Filter>
    </ClInclude>
    <ClInclude Include="..\SRC\patternSystem.h">
      <Filter>Source Files</Filter>
    </ClInclude>
    <ClInclude Include="..\SRC\postgres.h">
      <Filter>Source Files</Filter>
    </ClInclude>
    <ClInclude Include="..\SRC\privatesrc.h">
      <Filter>Source Files</Filter>
    </ClInclude>
    <ClInclude Include="..\SRC\scriptCompile.h">
      <Filter>Source Files</Filter>
    </ClInclude>
    <ClInclude Include="..\SRC\spellcheck.h">
      <Filter>Source Files</Filter>
    </ClInclude>
    <ClInclude Include="..\SRC\systemVariables.h">
      <Filter>Source Files</Filter>
    </ClInclude>
    <ClInclude Include="..\SRC\tagger.h">
      <Filter>Source Files</Filter>
    </ClInclude>
    <ClInclude Include="..\SRC\testing.h">
      <Filter>Source Files</Filter>
    </ClInclude>
    <ClInclude Include="..\SRC\textUtilities.h">
      <Filter>Source Files</Filter>
    </ClInclude>
    <ClInclude Include="..\SRC\tokenSystem.h">
      <Filter>Source Files</Filter>
    </ClInclude>
    <ClInclude Include="..\SRC\topicSystem.h">
      <Filter>Source Files</Filter>
    </ClInclude>
    <ClInclude Include="..\SRC\userCache.h">
      <Filter>Source Files</Filter>
    </ClInclude>
    <ClInclude Include="..\SRC\userSystem.h">
      <Filter>Source Files</Filter>
    </ClInclude>
    <ClInclude Include="..\SRC\variableSystem.h">
      <Filter>Source Files</Filter>
    </ClInclude>
  </ItemGroup>
  <ItemGroup>
    <ClCompile Include="stdafx.cpp">
      <Filter>Source Files</Filter>
    </ClCompile>
    <ClCompile Include="ChatScriptIDE.cpp">
      <Filter>Source Files</Filter>
    </ClCompile>
    <ClCompile Include="..\SRC\constructCode.cpp">
      <Filter>Source Files</Filter>
    </ClCompile>
    <ClCompile Include="..\SRC\cs_ev.c">
      <Filter>Source Files</Filter>
    </ClCompile>
    <ClCompile Include="..\SRC\csocket.cpp">
      <Filter>Source Files</Filter>
    </ClCompile>
    <ClCompile Include="..\SRC\dictionarySystem.cpp">
      <Filter>Source Files</Filter>
    </ClCompile>
    <ClCompile Include="..\SRC\english.cpp">
      <Filter>Source Files</Filter>
    </ClCompile>
    <ClCompile Include="..\SRC\englishTagger.cpp">
      <Filter>Source Files</Filter>
    </ClCompile>
    <ClCompile Include="..\SRC\evserver.cpp">
      <Filter>Source Files</Filter>
    </ClCompile>
    <ClCompile Include="..\SRC\factSystem.cpp">
      <Filter>Source Files</Filter>
    </ClCompile>
    <ClCompile Include="..\SRC\functionExecute.cpp">
      <Filter>Source Files</Filter>
    </ClCompile>
    <ClCompile Include="..\SRC\infer.cpp">
      <Filter>Source Files</Filter>
    </ClCompile>
    <ClCompile Include="..\SRC\javascript.cpp">
      <Filter>Source Files</Filter>
    </ClCompile>
    <ClCompile Include="..\SRC\jsmn.cpp">
      <Filter>Source Files</Filter>
    </ClCompile>
    <ClCompile Include="..\SRC\json.cpp">
      <Filter>Source Files</Filter>
    </ClCompile>
    <ClCompile Include="..\SRC\mainSystem.cpp">
      <Filter>Source Files</Filter>
    </ClCompile>
    <ClCompile Include="..\SRC\markSystem.cpp">
      <Filter>Source Files</Filter>
    </ClCompile>
    <ClCompile Include="..\SRC\mongodb.cpp">
      <Filter>Source Files</Filter>
    </ClCompile>
    <ClCompile Include="..\SRC\mysql.cpp">
      <Filter>Source Files</Filter>
    </ClCompile>
    <ClCompile Include="..\SRC\os.cpp">
      <Filter>Source Files</Filter>
    </ClCompile>
    <ClCompile Include="..\SRC\outputSystem.cpp">
      <Filter>Source Files</Filter>
    </ClCompile>
    <ClCompile Include="..\SRC\patternSystem.cpp">
      <Filter>Source Files</Filter>
    </ClCompile>
    <ClCompile Include="..\SRC\postgres.cpp">
      <Filter>Source Files</Filter>
    </ClCompile>
    <ClCompile Include="..\SRC\privatesrc.cpp">
      <Filter>Source Files</Filter>
    </ClCompile>
    <ClCompile Include="..\SRC\scriptCompile.cpp">
      <Filter>Source Files</Filter>
    </ClCompile>
    <ClCompile Include="..\SRC\secure.cpp">
      <Filter>Source Files</Filter>
    </ClCompile>
    <ClCompile Include="..\SRC\spellcheck.cpp">
      <Filter>Source Files</Filter>
    </ClCompile>
    <ClCompile Include="..\SRC\systemVariables.cpp">
      <Filter>Source Files</Filter>
    </ClCompile>
    <ClCompile Include="..\SRC\tagger.cpp">
      <Filter>Source Files</Filter>
    </ClCompile>
    <ClCompile Include="..\SRC\testing.cpp">
      <Filter>Source Files</Filter>
    </ClCompile>
    <ClCompile Include="..\SRC\textUtilities.cpp">
      <Filter>Source Files</Filter>
    </ClCompile>
    <ClCompile Include="..\SRC\tokenSystem.cpp">
      <Filter>Source Files</Filter>
    </ClCompile>
    <ClCompile Include="..\SRC\topicSystem.cpp">
      <Filter>Source Files</Filter>
    </ClCompile>
    <ClCompile Include="..\SRC\userCache.cpp">
      <Filter>Source Files</Filter>
    </ClCompile>
    <ClCompile Include="..\SRC\userSystem.cpp">
      <Filter>Source Files</Filter>
    </ClCompile>
    <ClCompile Include="..\SRC\variableSystem.cpp">
      <Filter>Source Files</Filter>
    </ClCompile>
    <ClCompile Include="..\SRC\duktape\duktape.cpp">
      <Filter>Source Files</Filter>
    </ClCompile>
  </ItemGroup>
  <ItemGroup>
    <ResourceCompile Include="ChatScriptIDE.rc">
      <Filter>Resource Files</Filter>
    </ResourceCompile>
  </ItemGroup>
  <ItemGroup>
    <Image Include="small.ico">
      <Filter>Resource Files</Filter>
    </Image>
    <Image Include="ChatScriptIDE.ico">
      <Filter>Resource Files</Filter>
    </Image>
  </ItemGroup>
  <ItemGroup>
    <None Include="..\SRC\Makefile">
      <Filter>Source Files</Filter>
    </None>
    <None Include="..\SRC\makett.sh">
      <Filter>Source Files</Filter>
    </None>
  </ItemGroup>
</Project>